// !$*UTF8*$!
{
	archiveVersion = 1;
	classes = {
	};
	objectVersion = 56;
	objects = {

/* Begin PBXBuildFile section */
		3BA899812C3E735A002C4213 /* albumModel.swift in Sources */ = {isa = PBXBuildFile; fileRef = 3BA899802C3E735A002C4213 /* albumModel.swift */; };
		3BA899842C3E7AF7002C4213 /* HomeView.swift in Sources */ = {isa = PBXBuildFile; fileRef = 3BA899832C3E7AF7002C4213 /* HomeView.swift */; };
		3BA899862C3E7BB8002C4213 /* SelectAlbumCoverView.swift in Sources */ = {isa = PBXBuildFile; fileRef = 3BA899852C3E7BB8002C4213 /* SelectAlbumCoverView.swift */; };
		3BA899882C3E8F46002C4213 /* AlbumIconView.swift in Sources */ = {isa = PBXBuildFile; fileRef = 3BA899872C3E8F46002C4213 /* AlbumIconView.swift */; };
		3BC648FD2C2C53CD000BDAFA /* Colors.xcassets in Resources */ = {isa = PBXBuildFile; fileRef = 3BC648FC2C2C53CD000BDAFA /* Colors.xcassets */; };
		3BFF3CF32C2C4F04001460A7 /* PophoryPracticeApp.swift in Sources */ = {isa = PBXBuildFile; fileRef = 3BFF3CF22C2C4F04001460A7 /* PophoryPracticeApp.swift */; };
		3BFF3CF52C2C4F04001460A7 /* ContentView.swift in Sources */ = {isa = PBXBuildFile; fileRef = 3BFF3CF42C2C4F04001460A7 /* ContentView.swift */; };
		3BFF3CF72C2C4F05001460A7 /* Assets.xcassets in Resources */ = {isa = PBXBuildFile; fileRef = 3BFF3CF62C2C4F05001460A7 /* Assets.xcassets */; };
		3BFF3CFA2C2C4F05001460A7 /* Preview Assets.xcassets in Resources */ = {isa = PBXBuildFile; fileRef = 3BFF3CF92C2C4F05001460A7 /* Preview Assets.xcassets */; };
		3BFF3D042C2C4F05001460A7 /* PophoryPracticeTests.swift in Sources */ = {isa = PBXBuildFile; fileRef = 3BFF3D032C2C4F05001460A7 /* PophoryPracticeTests.swift */; };
		3BFF3D0E2C2C4F06001460A7 /* PophoryPracticeUITests.swift in Sources */ = {isa = PBXBuildFile; fileRef = 3BFF3D0D2C2C4F06001460A7 /* PophoryPracticeUITests.swift */; };
		3BFF3D102C2C4F06001460A7 /* PophoryPracticeUITestsLaunchTests.swift in Sources */ = {isa = PBXBuildFile; fileRef = 3BFF3D0F2C2C4F06001460A7 /* PophoryPracticeUITestsLaunchTests.swift */; };
		3BFF3D1D2C2C5012001460A7 /* JoonView.swift in Sources */ = {isa = PBXBuildFile; fileRef = 3BFF3D1C2C2C5012001460A7 /* JoonView.swift */; };
		3BFF3D1F2C2C501A001460A7 /* YunseoView.swift in Sources */ = {isa = PBXBuildFile; fileRef = 3BFF3D1E2C2C501A001460A7 /* YunseoView.swift */; };
/* End PBXBuildFile section */

/* Begin PBXContainerItemProxy section */
		3BFF3D002C2C4F05001460A7 /* PBXContainerItemProxy */ = {
			isa = PBXContainerItemProxy;
			containerPortal = 3BFF3CE72C2C4F04001460A7 /* Project object */;
			proxyType = 1;
			remoteGlobalIDString = 3BFF3CEE2C2C4F04001460A7;
			remoteInfo = PophoryPractice;
		};
		3BFF3D0A2C2C4F06001460A7 /* PBXContainerItemProxy */ = {
			isa = PBXContainerItemProxy;
			containerPortal = 3BFF3CE72C2C4F04001460A7 /* Project object */;
			proxyType = 1;
			remoteGlobalIDString = 3BFF3CEE2C2C4F04001460A7;
			remoteInfo = PophoryPractice;
		};
/* End PBXContainerItemProxy section */

/* Begin PBXFileReference section */
		3BA899802C3E735A002C4213 /* albumModel.swift */ = {isa = PBXFileReference; lastKnownFileType = sourcecode.swift; path = albumModel.swift; sourceTree = "<group>"; };
		3BA899832C3E7AF7002C4213 /* HomeView.swift */ = {isa = PBXFileReference; lastKnownFileType = sourcecode.swift; path = HomeView.swift; sourceTree = "<group>"; };
		3BA899852C3E7BB8002C4213 /* SelectAlbumCoverView.swift */ = {isa = PBXFileReference; lastKnownFileType = sourcecode.swift; path = SelectAlbumCoverView.swift; sourceTree = "<group>"; };
		3BA899872C3E8F46002C4213 /* AlbumIconView.swift */ = {isa = PBXFileReference; lastKnownFileType = sourcecode.swift; path = AlbumIconView.swift; sourceTree = "<group>"; };
		3BC648FC2C2C53CD000BDAFA /* Colors.xcassets */ = {isa = PBXFileReference; lastKnownFileType = folder.assetcatalog; path = Colors.xcassets; sourceTree = "<group>"; };
		3BFF3CEF2C2C4F04001460A7 /* PophoryPractice.app */ = {isa = PBXFileReference; explicitFileType = wrapper.application; includeInIndex = 0; path = PophoryPractice.app; sourceTree = BUILT_PRODUCTS_DIR; };
		3BFF3CF22C2C4F04001460A7 /* PophoryPracticeApp.swift */ = {isa = PBXFileReference; lastKnownFileType = sourcecode.swift; path = PophoryPracticeApp.swift; sourceTree = "<group>"; };
		3BFF3CF42C2C4F04001460A7 /* ContentView.swift */ = {isa = PBXFileReference; lastKnownFileType = sourcecode.swift; path = ContentView.swift; sourceTree = "<group>"; };
		3BFF3CF62C2C4F05001460A7 /* Assets.xcassets */ = {isa = PBXFileReference; lastKnownFileType = folder.assetcatalog; path = Assets.xcassets; sourceTree = "<group>"; };
		3BFF3CF92C2C4F05001460A7 /* Preview Assets.xcassets */ = {isa = PBXFileReference; lastKnownFileType = folder.assetcatalog; path = "Preview Assets.xcassets"; sourceTree = "<group>"; };
		3BFF3CFF2C2C4F05001460A7 /* PophoryPracticeTests.xctest */ = {isa = PBXFileReference; explicitFileType = wrapper.cfbundle; includeInIndex = 0; path = PophoryPracticeTests.xctest; sourceTree = BUILT_PRODUCTS_DIR; };
		3BFF3D032C2C4F05001460A7 /* PophoryPracticeTests.swift */ = {isa = PBXFileReference; lastKnownFileType = sourcecode.swift; path = PophoryPracticeTests.swift; sourceTree = "<group>"; };
		3BFF3D092C2C4F06001460A7 /* PophoryPracticeUITests.xctest */ = {isa = PBXFileReference; explicitFileType = wrapper.cfbundle; includeInIndex = 0; path = PophoryPracticeUITests.xctest; sourceTree = BUILT_PRODUCTS_DIR; };
		3BFF3D0D2C2C4F06001460A7 /* PophoryPracticeUITests.swift */ = {isa = PBXFileReference; lastKnownFileType = sourcecode.swift; path = PophoryPracticeUITests.swift; sourceTree = "<group>"; };
		3BFF3D0F2C2C4F06001460A7 /* PophoryPracticeUITestsLaunchTests.swift */ = {isa = PBXFileReference; lastKnownFileType = sourcecode.swift; path = PophoryPracticeUITestsLaunchTests.swift; sourceTree = "<group>"; };
		3BFF3D1C2C2C5012001460A7 /* JoonView.swift */ = {isa = PBXFileReference; lastKnownFileType = sourcecode.swift; path = JoonView.swift; sourceTree = "<group>"; };
		3BFF3D1E2C2C501A001460A7 /* YunseoView.swift */ = {isa = PBXFileReference; lastKnownFileType = sourcecode.swift; path = YunseoView.swift; sourceTree = "<group>"; };
/* End PBXFileReference section */

/* Begin PBXFrameworksBuildPhase section */
		3BFF3CEC2C2C4F04001460A7 /* Frameworks */ = {
			isa = PBXFrameworksBuildPhase;
			buildActionMask = 2147483647;
			files = (
			);
			runOnlyForDeploymentPostprocessing = 0;
		};
		3BFF3CFC2C2C4F05001460A7 /* Frameworks */ = {
			isa = PBXFrameworksBuildPhase;
			buildActionMask = 2147483647;
			files = (
			);
			runOnlyForDeploymentPostprocessing = 0;
		};
		3BFF3D062C2C4F06001460A7 /* Frameworks */ = {
			isa = PBXFrameworksBuildPhase;
			buildActionMask = 2147483647;
			files = (
			);
			runOnlyForDeploymentPostprocessing = 0;
		};
/* End PBXFrameworksBuildPhase section */

/* Begin PBXGroup section */
		3BA8997F2C3E734E002C4213 /* Yunseo */ = {
			isa = PBXGroup;
			children = (
				3BA899822C3E7AEE002C4213 /* View */,
				3BA899802C3E735A002C4213 /* albumModel.swift */,
			);
			path = Yunseo;
			sourceTree = "<group>";
		};
		3BA899822C3E7AEE002C4213 /* View */ = {
			isa = PBXGroup;
			children = (
				3BA899832C3E7AF7002C4213 /* HomeView.swift */,
				3BA899852C3E7BB8002C4213 /* SelectAlbumCoverView.swift */,
				3BA899872C3E8F46002C4213 /* AlbumIconView.swift */,
			);
			path = View;
			sourceTree = "<group>";
		};
		3BFF3CE62C2C4F04001460A7 = {
			isa = PBXGroup;
			children = (
				3BFF3CF12C2C4F04001460A7 /* PophoryPractice */,
				3BFF3D022C2C4F05001460A7 /* PophoryPracticeTests */,
				3BFF3D0C2C2C4F06001460A7 /* PophoryPracticeUITests */,
				3BFF3CF02C2C4F04001460A7 /* Products */,
			);
			sourceTree = "<group>";
		};
		3BFF3CF02C2C4F04001460A7 /* Products */ = {
			isa = PBXGroup;
			children = (
				3BFF3CEF2C2C4F04001460A7 /* PophoryPractice.app */,
				3BFF3CFF2C2C4F05001460A7 /* PophoryPracticeTests.xctest */,
				3BFF3D092C2C4F06001460A7 /* PophoryPracticeUITests.xctest */,
			);
			name = Products;
			sourceTree = "<group>";
		};
		3BFF3CF12C2C4F04001460A7 /* PophoryPractice */ = {
			isa = PBXGroup;
			children = (
				3BA8997F2C3E734E002C4213 /* Yunseo */,
				3BFF3CF22C2C4F04001460A7 /* PophoryPracticeApp.swift */,
				3BFF3CF42C2C4F04001460A7 /* ContentView.swift */,
				3BFF3CF62C2C4F05001460A7 /* Assets.xcassets */,
				3BFF3CF82C2C4F05001460A7 /* Preview Content */,
				3BFF3D1C2C2C5012001460A7 /* JoonView.swift */,
				3BFF3D1E2C2C501A001460A7 /* YunseoView.swift */,
				3BC648FC2C2C53CD000BDAFA /* Colors.xcassets */,
			);
			path = PophoryPractice;
			sourceTree = "<group>";
		};
		3BFF3CF82C2C4F05001460A7 /* Preview Content */ = {
			isa = PBXGroup;
			children = (
				3BFF3CF92C2C4F05001460A7 /* Preview Assets.xcassets */,
			);
			path = "Preview Content";
			sourceTree = "<group>";
		};
		3BFF3D022C2C4F05001460A7 /* PophoryPracticeTests */ = {
			isa = PBXGroup;
			children = (
				3BFF3D032C2C4F05001460A7 /* PophoryPracticeTests.swift */,
			);
			path = PophoryPracticeTests;
			sourceTree = "<group>";
		};
		3BFF3D0C2C2C4F06001460A7 /* PophoryPracticeUITests */ = {
			isa = PBXGroup;
			children = (
				3BFF3D0D2C2C4F06001460A7 /* PophoryPracticeUITests.swift */,
				3BFF3D0F2C2C4F06001460A7 /* PophoryPracticeUITestsLaunchTests.swift */,
			);
			path = PophoryPracticeUITests;
			sourceTree = "<group>";
		};
/* End PBXGroup section */

/* Begin PBXNativeTarget section */
		3BFF3CEE2C2C4F04001460A7 /* PophoryPractice */ = {
			isa = PBXNativeTarget;
			buildConfigurationList = 3BFF3D132C2C4F06001460A7 /* Build configuration list for PBXNativeTarget "PophoryPractice" */;
			buildPhases = (
				3BFF3CEB2C2C4F04001460A7 /* Sources */,
				3BFF3CEC2C2C4F04001460A7 /* Frameworks */,
				3BFF3CED2C2C4F04001460A7 /* Resources */,
			);
			buildRules = (
			);
			dependencies = (
			);
			name = PophoryPractice;
			productName = PophoryPractice;
			productReference = 3BFF3CEF2C2C4F04001460A7 /* PophoryPractice.app */;
			productType = "com.apple.product-type.application";
		};
		3BFF3CFE2C2C4F05001460A7 /* PophoryPracticeTests */ = {
			isa = PBXNativeTarget;
			buildConfigurationList = 3BFF3D162C2C4F06001460A7 /* Build configuration list for PBXNativeTarget "PophoryPracticeTests" */;
			buildPhases = (
				3BFF3CFB2C2C4F05001460A7 /* Sources */,
				3BFF3CFC2C2C4F05001460A7 /* Frameworks */,
				3BFF3CFD2C2C4F05001460A7 /* Resources */,
			);
			buildRules = (
			);
			dependencies = (
				3BFF3D012C2C4F05001460A7 /* PBXTargetDependency */,
			);
			name = PophoryPracticeTests;
			productName = PophoryPracticeTests;
			productReference = 3BFF3CFF2C2C4F05001460A7 /* PophoryPracticeTests.xctest */;
			productType = "com.apple.product-type.bundle.unit-test";
		};
		3BFF3D082C2C4F06001460A7 /* PophoryPracticeUITests */ = {
			isa = PBXNativeTarget;
			buildConfigurationList = 3BFF3D192C2C4F06001460A7 /* Build configuration list for PBXNativeTarget "PophoryPracticeUITests" */;
			buildPhases = (
				3BFF3D052C2C4F06001460A7 /* Sources */,
				3BFF3D062C2C4F06001460A7 /* Frameworks */,
				3BFF3D072C2C4F06001460A7 /* Resources */,
			);
			buildRules = (
			);
			dependencies = (
				3BFF3D0B2C2C4F06001460A7 /* PBXTargetDependency */,
			);
			name = PophoryPracticeUITests;
			productName = PophoryPracticeUITests;
			productReference = 3BFF3D092C2C4F06001460A7 /* PophoryPracticeUITests.xctest */;
			productType = "com.apple.product-type.bundle.ui-testing";
		};
/* End PBXNativeTarget section */

/* Begin PBXProject section */
		3BFF3CE72C2C4F04001460A7 /* Project object */ = {
			isa = PBXProject;
			attributes = {
				BuildIndependentTargetsInParallel = 1;
				LastSwiftUpdateCheck = 1520;
				LastUpgradeCheck = 1520;
				TargetAttributes = {
					3BFF3CEE2C2C4F04001460A7 = {
						CreatedOnToolsVersion = 15.2;
					};
					3BFF3CFE2C2C4F05001460A7 = {
						CreatedOnToolsVersion = 15.2;
						TestTargetID = 3BFF3CEE2C2C4F04001460A7;
					};
					3BFF3D082C2C4F06001460A7 = {
						CreatedOnToolsVersion = 15.2;
						TestTargetID = 3BFF3CEE2C2C4F04001460A7;
					};
				};
			};
			buildConfigurationList = 3BFF3CEA2C2C4F04001460A7 /* Build configuration list for PBXProject "PophoryPractice" */;
			compatibilityVersion = "Xcode 14.0";
			developmentRegion = en;
			hasScannedForEncodings = 0;
			knownRegions = (
				en,
				Base,
			);
			mainGroup = 3BFF3CE62C2C4F04001460A7;
			productRefGroup = 3BFF3CF02C2C4F04001460A7 /* Products */;
			projectDirPath = "";
			projectRoot = "";
			targets = (
				3BFF3CEE2C2C4F04001460A7 /* PophoryPractice */,
				3BFF3CFE2C2C4F05001460A7 /* PophoryPracticeTests */,
				3BFF3D082C2C4F06001460A7 /* PophoryPracticeUITests */,
			);
		};
/* End PBXProject section */

/* Begin PBXResourcesBuildPhase section */
		3BFF3CED2C2C4F04001460A7 /* Resources */ = {
			isa = PBXResourcesBuildPhase;
			buildActionMask = 2147483647;
			files = (
				3BC648FD2C2C53CD000BDAFA /* Colors.xcassets in Resources */,
				3BFF3CFA2C2C4F05001460A7 /* Preview Assets.xcassets in Resources */,
				3BFF3CF72C2C4F05001460A7 /* Assets.xcassets in Resources */,
			);
			runOnlyForDeploymentPostprocessing = 0;
		};
		3BFF3CFD2C2C4F05001460A7 /* Resources */ = {
			isa = PBXResourcesBuildPhase;
			buildActionMask = 2147483647;
			files = (
			);
			runOnlyForDeploymentPostprocessing = 0;
		};
		3BFF3D072C2C4F06001460A7 /* Resources */ = {
			isa = PBXResourcesBuildPhase;
			buildActionMask = 2147483647;
			files = (
			);
			runOnlyForDeploymentPostprocessing = 0;
		};
/* End PBXResourcesBuildPhase section */

/* Begin PBXSourcesBuildPhase section */
		3BFF3CEB2C2C4F04001460A7 /* Sources */ = {
			isa = PBXSourcesBuildPhase;
			buildActionMask = 2147483647;
			files = (
				3BFF3CF52C2C4F04001460A7 /* ContentView.swift in Sources */,
				3BFF3D1F2C2C501A001460A7 /* YunseoView.swift in Sources */,
				3BFF3D1D2C2C5012001460A7 /* JoonView.swift in Sources */,
				3BA899882C3E8F46002C4213 /* AlbumIconView.swift in Sources */,
				3BA899842C3E7AF7002C4213 /* HomeView.swift in Sources */,
				3BA899812C3E735A002C4213 /* albumModel.swift in Sources */,
				3BA899862C3E7BB8002C4213 /* SelectAlbumCoverView.swift in Sources */,
				3BFF3CF32C2C4F04001460A7 /* PophoryPracticeApp.swift in Sources */,
			);
			runOnlyForDeploymentPostprocessing = 0;
		};
		3BFF3CFB2C2C4F05001460A7 /* Sources */ = {
			isa = PBXSourcesBuildPhase;
			buildActionMask = 2147483647;
			files = (
				3BFF3D042C2C4F05001460A7 /* PophoryPracticeTests.swift in Sources */,
			);
			runOnlyForDeploymentPostprocessing = 0;
		};
		3BFF3D052C2C4F06001460A7 /* Sources */ = {
			isa = PBXSourcesBuildPhase;
			buildActionMask = 2147483647;
			files = (
				3BFF3D0E2C2C4F06001460A7 /* PophoryPracticeUITests.swift in Sources */,
				3BFF3D102C2C4F06001460A7 /* PophoryPracticeUITestsLaunchTests.swift in Sources */,
			);
			runOnlyForDeploymentPostprocessing = 0;
		};
/* End PBXSourcesBuildPhase section */

/* Begin PBXTargetDependency section */
		3BFF3D012C2C4F05001460A7 /* PBXTargetDependency */ = {
			isa = PBXTargetDependency;
			target = 3BFF3CEE2C2C4F04001460A7 /* PophoryPractice */;
			targetProxy = 3BFF3D002C2C4F05001460A7 /* PBXContainerItemProxy */;
		};
		3BFF3D0B2C2C4F06001460A7 /* PBXTargetDependency */ = {
			isa = PBXTargetDependency;
			target = 3BFF3CEE2C2C4F04001460A7 /* PophoryPractice */;
			targetProxy = 3BFF3D0A2C2C4F06001460A7 /* PBXContainerItemProxy */;
		};
/* End PBXTargetDependency section */

/* Begin XCBuildConfiguration section */
		3BFF3D112C2C4F06001460A7 /* Debug */ = {
			isa = XCBuildConfiguration;
			buildSettings = {
				ALWAYS_SEARCH_USER_PATHS = NO;
				ASSETCATALOG_COMPILER_GENERATE_SWIFT_ASSET_SYMBOL_EXTENSIONS = YES;
				CLANG_ANALYZER_NONNULL = YES;
				CLANG_ANALYZER_NUMBER_OBJECT_CONVERSION = YES_AGGRESSIVE;
				CLANG_CXX_LANGUAGE_STANDARD = "gnu++20";
				CLANG_ENABLE_MODULES = YES;
				CLANG_ENABLE_OBJC_ARC = YES;
				CLANG_ENABLE_OBJC_WEAK = YES;
				CLANG_WARN_BLOCK_CAPTURE_AUTORELEASING = YES;
				CLANG_WARN_BOOL_CONVERSION = YES;
				CLANG_WARN_COMMA = YES;
				CLANG_WARN_CONSTANT_CONVERSION = YES;
				CLANG_WARN_DEPRECATED_OBJC_IMPLEMENTATIONS = YES;
				CLANG_WARN_DIRECT_OBJC_ISA_USAGE = YES_ERROR;
				CLANG_WARN_DOCUMENTATION_COMMENTS = YES;
				CLANG_WARN_EMPTY_BODY = YES;
				CLANG_WARN_ENUM_CONVERSION = YES;
				CLANG_WARN_INFINITE_RECURSION = YES;
				CLANG_WARN_INT_CONVERSION = YES;
				CLANG_WARN_NON_LITERAL_NULL_CONVERSION = YES;
				CLANG_WARN_OBJC_IMPLICIT_RETAIN_SELF = YES;
				CLANG_WARN_OBJC_LITERAL_CONVERSION = YES;
				CLANG_WARN_OBJC_ROOT_CLASS = YES_ERROR;
				CLANG_WARN_QUOTED_INCLUDE_IN_FRAMEWORK_HEADER = YES;
				CLANG_WARN_RANGE_LOOP_ANALYSIS = YES;
				CLANG_WARN_STRICT_PROTOTYPES = YES;
				CLANG_WARN_SUSPICIOUS_MOVE = YES;
				CLANG_WARN_UNGUARDED_AVAILABILITY = YES_AGGRESSIVE;
				CLANG_WARN_UNREACHABLE_CODE = YES;
				CLANG_WARN__DUPLICATE_METHOD_MATCH = YES;
				COPY_PHASE_STRIP = NO;
				DEBUG_INFORMATION_FORMAT = dwarf;
				ENABLE_STRICT_OBJC_MSGSEND = YES;
				ENABLE_TESTABILITY = YES;
				ENABLE_USER_SCRIPT_SANDBOXING = YES;
				GCC_C_LANGUAGE_STANDARD = gnu17;
				GCC_DYNAMIC_NO_PIC = NO;
				GCC_NO_COMMON_BLOCKS = YES;
				GCC_OPTIMIZATION_LEVEL = 0;
				GCC_PREPROCESSOR_DEFINITIONS = (
					"DEBUG=1",
					"$(inherited)",
				);
				GCC_WARN_64_TO_32_BIT_CONVERSION = YES;
				GCC_WARN_ABOUT_RETURN_TYPE = YES_ERROR;
				GCC_WARN_UNDECLARED_SELECTOR = YES;
				GCC_WARN_UNINITIALIZED_AUTOS = YES_AGGRESSIVE;
				GCC_WARN_UNUSED_FUNCTION = YES;
				GCC_WARN_UNUSED_VARIABLE = YES;
				IPHONEOS_DEPLOYMENT_TARGET = 17.2;
				LOCALIZATION_PREFERS_STRING_CATALOGS = YES;
				MTL_ENABLE_DEBUG_INFO = INCLUDE_SOURCE;
				MTL_FAST_MATH = YES;
				ONLY_ACTIVE_ARCH = YES;
				SDKROOT = iphoneos;
				SWIFT_ACTIVE_COMPILATION_CONDITIONS = "DEBUG $(inherited)";
				SWIFT_OPTIMIZATION_LEVEL = "-Onone";
			};
			name = Debug;
		};
		3BFF3D122C2C4F06001460A7 /* Release */ = {
			isa = XCBuildConfiguration;
			buildSettings = {
				ALWAYS_SEARCH_USER_PATHS = NO;
				ASSETCATALOG_COMPILER_GENERATE_SWIFT_ASSET_SYMBOL_EXTENSIONS = YES;
				CLANG_ANALYZER_NONNULL = YES;
				CLANG_ANALYZER_NUMBER_OBJECT_CONVERSION = YES_AGGRESSIVE;
				CLANG_CXX_LANGUAGE_STANDARD = "gnu++20";
				CLANG_ENABLE_MODULES = YES;
				CLANG_ENABLE_OBJC_ARC = YES;
				CLANG_ENABLE_OBJC_WEAK = YES;
				CLANG_WARN_BLOCK_CAPTURE_AUTORELEASING = YES;
				CLANG_WARN_BOOL_CONVERSION = YES;
				CLANG_WARN_COMMA = YES;
				CLANG_WARN_CONSTANT_CONVERSION = YES;
				CLANG_WARN_DEPRECATED_OBJC_IMPLEMENTATIONS = YES;
				CLANG_WARN_DIRECT_OBJC_ISA_USAGE = YES_ERROR;
				CLANG_WARN_DOCUMENTATION_COMMENTS = YES;
				CLANG_WARN_EMPTY_BODY = YES;
				CLANG_WARN_ENUM_CONVERSION = YES;
				CLANG_WARN_INFINITE_RECURSION = YES;
				CLANG_WARN_INT_CONVERSION = YES;
				CLANG_WARN_NON_LITERAL_NULL_CONVERSION = YES;
				CLANG_WARN_OBJC_IMPLICIT_RETAIN_SELF = YES;
				CLANG_WARN_OBJC_LITERAL_CONVERSION = YES;
				CLANG_WARN_OBJC_ROOT_CLASS = YES_ERROR;
				CLANG_WARN_QUOTED_INCLUDE_IN_FRAMEWORK_HEADER = YES;
				CLANG_WARN_RANGE_LOOP_ANALYSIS = YES;
				CLANG_WARN_STRICT_PROTOTYPES = YES;
				CLANG_WARN_SUSPICIOUS_MOVE = YES;
				CLANG_WARN_UNGUARDED_AVAILABILITY = YES_AGGRESSIVE;
				CLANG_WARN_UNREACHABLE_CODE = YES;
				CLANG_WARN__DUPLICATE_METHOD_MATCH = YES;
				COPY_PHASE_STRIP = NO;
				DEBUG_INFORMATION_FORMAT = "dwarf-with-dsym";
				ENABLE_NS_ASSERTIONS = NO;
				ENABLE_STRICT_OBJC_MSGSEND = YES;
				ENABLE_USER_SCRIPT_SANDBOXING = YES;
				GCC_C_LANGUAGE_STANDARD = gnu17;
				GCC_NO_COMMON_BLOCKS = YES;
				GCC_WARN_64_TO_32_BIT_CONVERSION = YES;
				GCC_WARN_ABOUT_RETURN_TYPE = YES_ERROR;
				GCC_WARN_UNDECLARED_SELECTOR = YES;
				GCC_WARN_UNINITIALIZED_AUTOS = YES_AGGRESSIVE;
				GCC_WARN_UNUSED_FUNCTION = YES;
				GCC_WARN_UNUSED_VARIABLE = YES;
				IPHONEOS_DEPLOYMENT_TARGET = 17.2;
				LOCALIZATION_PREFERS_STRING_CATALOGS = YES;
				MTL_ENABLE_DEBUG_INFO = NO;
				MTL_FAST_MATH = YES;
				SDKROOT = iphoneos;
				SWIFT_COMPILATION_MODE = wholemodule;
				VALIDATE_PRODUCT = YES;
			};
			name = Release;
		};
		3BFF3D142C2C4F06001460A7 /* Debug */ = {
			isa = XCBuildConfiguration;
			buildSettings = {
				ASSETCATALOG_COMPILER_APPICON_NAME = AppIcon;
				ASSETCATALOG_COMPILER_GLOBAL_ACCENT_COLOR_NAME = AccentColor;
				CODE_SIGN_STYLE = Automatic;
				CURRENT_PROJECT_VERSION = 1;
				DEVELOPMENT_ASSET_PATHS = "\"PophoryPractice/Preview Content\"";
				DEVELOPMENT_TEAM = CQJ9UKUU35;
				ENABLE_PREVIEWS = YES;
				GENERATE_INFOPLIST_FILE = YES;
				INFOPLIST_KEY_UIApplicationSceneManifest_Generation = YES;
				INFOPLIST_KEY_UIApplicationSupportsIndirectInputEvents = YES;
				INFOPLIST_KEY_UILaunchScreen_Generation = YES;
				INFOPLIST_KEY_UISupportedInterfaceOrientations_iPad = "UIInterfaceOrientationPortrait UIInterfaceOrientationPortraitUpsideDown UIInterfaceOrientationLandscapeLeft UIInterfaceOrientationLandscapeRight";
				INFOPLIST_KEY_UISupportedInterfaceOrientations_iPhone = "UIInterfaceOrientationPortrait UIInterfaceOrientationLandscapeLeft UIInterfaceOrientationLandscapeRight";
				LD_RUNPATH_SEARCH_PATHS = (
					"$(inherited)",
					"@executable_path/Frameworks",
				);
				MARKETING_VERSION = 1.0;
				PRODUCT_BUNDLE_IDENTIFIER = "pophory-practice.PophoryPractice";
				PRODUCT_NAME = "$(TARGET_NAME)";
				SWIFT_EMIT_LOC_STRINGS = YES;
				SWIFT_VERSION = 5.0;
				TARGETED_DEVICE_FAMILY = "1,2";
			};
			name = Debug;
		};
		3BFF3D152C2C4F06001460A7 /* Release */ = {
			isa = XCBuildConfiguration;
			buildSettings = {
				ASSETCATALOG_COMPILER_APPICON_NAME = AppIcon;
				ASSETCATALOG_COMPILER_GLOBAL_ACCENT_COLOR_NAME = AccentColor;
				CODE_SIGN_STYLE = Automatic;
				CURRENT_PROJECT_VERSION = 1;
				DEVELOPMENT_ASSET_PATHS = "\"PophoryPractice/Preview Content\"";
				DEVELOPMENT_TEAM = CQJ9UKUU35;
				ENABLE_PREVIEWS = YES;
				GENERATE_INFOPLIST_FILE = YES;
				INFOPLIST_KEY_UIApplicationSceneManifest_Generation = YES;
				INFOPLIST_KEY_UIApplicationSupportsIndirectInputEvents = YES;
				INFOPLIST_KEY_UILaunchScreen_Generation = YES;
				INFOPLIST_KEY_UISupportedInterfaceOrientations_iPad = "UIInterfaceOrientationPortrait UIInterfaceOrientationPortraitUpsideDown UIInterfaceOrientationLandscapeLeft UIInterfaceOrientationLandscapeRight";
				INFOPLIST_KEY_UISupportedInterfaceOrientations_iPhone = "UIInterfaceOrientationPortrait UIInterfaceOrientationLandscapeLeft UIInterfaceOrientationLandscapeRight";
				LD_RUNPATH_SEARCH_PATHS = (
					"$(inherited)",
					"@executable_path/Frameworks",
				);
				MARKETING_VERSION = 1.0;
				PRODUCT_BUNDLE_IDENTIFIER = "pophory-practice.PophoryPractice";
				PRODUCT_NAME = "$(TARGET_NAME)";
				SWIFT_EMIT_LOC_STRINGS = YES;
				SWIFT_VERSION = 5.0;
				TARGETED_DEVICE_FAMILY = "1,2";
			};
			name = Release;
		};
		3BFF3D172C2C4F06001460A7 /* Debug */ = {
			isa = XCBuildConfiguration;
			buildSettings = {
				ALWAYS_EMBED_SWIFT_STANDARD_LIBRARIES = YES;
				BUNDLE_LOADER = "$(TEST_HOST)";
				CODE_SIGN_STYLE = Automatic;
				CURRENT_PROJECT_VERSION = 1;
				DEVELOPMENT_TEAM = CQJ9UKUU35;
				GENERATE_INFOPLIST_FILE = YES;
				IPHONEOS_DEPLOYMENT_TARGET = 17.2;
				MARKETING_VERSION = 1.0;
				PRODUCT_BUNDLE_IDENTIFIER = "pophory-practice.PophoryPracticeTests";
				PRODUCT_NAME = "$(TARGET_NAME)";
				SWIFT_EMIT_LOC_STRINGS = NO;
				SWIFT_VERSION = 5.0;
				TARGETED_DEVICE_FAMILY = "1,2";
				TEST_HOST = "$(BUILT_PRODUCTS_DIR)/PophoryPractice.app/$(BUNDLE_EXECUTABLE_FOLDER_PATH)/PophoryPractice";
			};
			name = Debug;
		};
		3BFF3D182C2C4F06001460A7 /* Release */ = {
			isa = XCBuildConfiguration;
			buildSettings = {
				ALWAYS_EMBED_SWIFT_STANDARD_LIBRARIES = YES;
				BUNDLE_LOADER = "$(TEST_HOST)";
				CODE_SIGN_STYLE = Automatic;
				CURRENT_PROJECT_VERSION = 1;
				DEVELOPMENT_TEAM = CQJ9UKUU35;
				GENERATE_INFOPLIST_FILE = YES;
				IPHONEOS_DEPLOYMENT_TARGET = 17.2;
				MARKETING_VERSION = 1.0;
				PRODUCT_BUNDLE_IDENTIFIER = "pophory-practice.PophoryPracticeTests";
				PRODUCT_NAME = "$(TARGET_NAME)";
				SWIFT_EMIT_LOC_STRINGS = NO;
				SWIFT_VERSION = 5.0;
				TARGETED_DEVICE_FAMILY = "1,2";
				TEST_HOST = "$(BUILT_PRODUCTS_DIR)/PophoryPractice.app/$(BUNDLE_EXECUTABLE_FOLDER_PATH)/PophoryPractice";
			};
			name = Release;
		};
		3BFF3D1A2C2C4F06001460A7 /* Debug */ = {
			isa = XCBuildConfiguration;
			buildSettings = {
				ALWAYS_EMBED_SWIFT_STANDARD_LIBRARIES = YES;
				CODE_SIGN_STYLE = Automatic;
				CURRENT_PROJECT_VERSION = 1;
				DEVELOPMENT_TEAM = CQJ9UKUU35;
				GENERATE_INFOPLIST_FILE = YES;
				MARKETING_VERSION = 1.0;
				PRODUCT_BUNDLE_IDENTIFIER = "pophory-practice.PophoryPracticeUITests";
				PRODUCT_NAME = "$(TARGET_NAME)";
				SWIFT_EMIT_LOC_STRINGS = NO;
				SWIFT_VERSION = 5.0;
				TARGETED_DEVICE_FAMILY = "1,2";
				TEST_TARGET_NAME = PophoryPractice;
			};
			name = Debug;
		};
		3BFF3D1B2C2C4F06001460A7 /* Release */ = {
			isa = XCBuildConfiguration;
			buildSettings = {
				ALWAYS_EMBED_SWIFT_STANDARD_LIBRARIES = YES;
				CODE_SIGN_STYLE = Automatic;
				CURRENT_PROJECT_VERSION = 1;
				DEVELOPMENT_TEAM = CQJ9UKUU35;
				GENERATE_INFOPLIST_FILE = YES;
				MARKETING_VERSION = 1.0;
				PRODUCT_BUNDLE_IDENTIFIER = "pophory-practice.PophoryPracticeUITests";
				PRODUCT_NAME = "$(TARGET_NAME)";
				SWIFT_EMIT_LOC_STRINGS = NO;
				SWIFT_VERSION = 5.0;
				TARGETED_DEVICE_FAMILY = "1,2";
				TEST_TARGET_NAME = PophoryPractice;
			};
			name = Release;
		};
/* End XCBuildConfiguration section */

/* Begin XCConfigurationList section */
		3BFF3CEA2C2C4F04001460A7 /* Build configuration list for PBXProject "PophoryPractice" */ = {
			isa = XCConfigurationList;
			buildConfigurations = (
				3BFF3D112C2C4F06001460A7 /* Debug */,
				3BFF3D122C2C4F06001460A7 /* Release */,
			);
			defaultConfigurationIsVisible = 0;
			defaultConfigurationName = Release;
		};
		3BFF3D132C2C4F06001460A7 /* Build configuration list for PBXNativeTarget "PophoryPractice" */ = {
			isa = XCConfigurationList;
			buildConfigurations = (
				3BFF3D142C2C4F06001460A7 /* Debug */,
				3BFF3D152C2C4F06001460A7 /* Release */,
			);
			defaultConfigurationIsVisible = 0;
			defaultConfigurationName = Release;
		};
		3BFF3D162C2C4F06001460A7 /* Build configuration list for PBXNativeTarget "PophoryPracticeTests" */ = {
			isa = XCConfigurationList;
			buildConfigurations = (
				3BFF3D172C2C4F06001460A7 /* Debug */,
				3BFF3D182C2C4F06001460A7 /* Release */,
			);
			defaultConfigurationIsVisible = 0;
			defaultConfigurationName = Release;
		};
		3BFF3D192C2C4F06001460A7 /* Build configuration list for PBXNativeTarget "PophoryPracticeUITests" */ = {
			isa = XCConfigurationList;
			buildConfigurations = (
				3BFF3D1A2C2C4F06001460A7 /* Debug */,
				3BFF3D1B2C2C4F06001460A7 /* Release */,
			);
			defaultConfigurationIsVisible = 0;
			defaultConfigurationName = Release;
		};
/* End XCConfigurationList section */
	};
	rootObject = 3BFF3CE72C2C4F04001460A7 /* Project object */;
}
